
Microsoft Visual Studio Solution File, Format Version 12.00
# Visual Studio Version 16
VisualStudioVersion = 16.0.29806.167
MinimumVisualStudioVersion = 10.0.40219.1
Project("{9A19103F-16F7-4668-BE54-9A1E7A4F7556}") = "VehicleManagement", "VehicleManagement\VehicleManagement.csproj", "{6DF41A51-DFF4-4E30-B2A0-0DE8280840BD}"
EndProject
Project("{9A19103F-16F7-4668-BE54-9A1E7A4F7556}") = "VehicleManagement.DataAcess", "VehicleManagement.DataAcess\VehicleManagement.DataAcess.csproj", "{C51F9DC2-F053-45FD-94A4-E0E1EDD52E56}"
EndProject
Project("{9A19103F-16F7-4668-BE54-9A1E7A4F7556}") = "VehicleManagement.Tests", "VehicleManagement.Tests\VehicleManagement.Tests.csproj", "{9E65EA40-9826-414B-B464-B8B4332A1759}"
EndProject
Project("{2150E333-8FDC-42A3-9474-1A3956D46DE8}") = "SolutionItems", "SolutionItems", "{FF6DA75C-2DB5-4B2A-84C8-C8F5FD5B11F5}"
	ProjectSection(SolutionItems) = preProject
		README.md = README.md
	EndProjectSection
EndProject
Global
	GlobalSection(SolutionConfigurationPlatforms) = preSolution
		Debug|Any CPU = Debug|Any CPU
		Release|Any CPU = Release|Any CPU
	EndGlobalSection
	GlobalSection(ProjectConfigurationPlatforms) = postSolution
		{6DF41A51-DFF4-4E30-B2A0-0DE8280840BD}.Debug|Any CPU.ActiveCfg = Debug|Any CPU
		{6DF41A51-DFF4-4E30-B2A0-0DE8280840BD}.Debug|Any CPU.Build.0 = Debug|Any CPU
		{6DF41A51-DFF4-4E30-B2A0-0DE8280840BD}.Release|Any CPU.ActiveCfg = Release|Any CPU
		{6DF41A51-DFF4-4E30-B2A0-0DE8280840BD}.Release|Any CPU.Build.0 = Release|Any CPU
		{C51F9DC2-F053-45FD-94A4-E0E1EDD52E56}.Debug|Any CPU.ActiveCfg = Debug|Any CPU
		{C51F9DC2-F053-45FD-94A4-E0E1EDD52E56}.Debug|Any CPU.Build.0 = Debug|Any CPU
		{C51F9DC2-F053-45FD-94A4-E0E1EDD52E56}.Release|Any CPU.ActiveCfg = Release|Any CPU
		{C51F9DC2-F053-45FD-94A4-E0E1EDD52E56}.Release|Any CPU.Build.0 = Release|Any CPU
		{9E65EA40-9826-414B-B464-B8B4332A1759}.Debug|Any CPU.ActiveCfg = Debug|Any CPU
		{9E65EA40-9826-414B-B464-B8B4332A1759}.Debug|Any CPU.Build.0 = Debug|Any CPU
		{9E65EA40-9826-414B-B464-B8B4332A1759}.Release|Any CPU.ActiveCfg = Release|Any CPU
		{9E65EA40-9826-414B-B464-B8B4332A1759}.Release|Any CPU.Build.0 = Release|Any CPU
	EndGlobalSection
	GlobalSection(SolutionProperties) = preSolution
		HideSolutionNode = FALSE
	EndGlobalSection
	GlobalSection(ExtensibilityGlobals) = postSolution
		SolutionGuid = {CC2893AA-C13A-42AE-BCC6-53523B25179E}
	EndGlobalSection
EndGlobal
